
Microsoft Visual Studio Solution File, Format Version 12.00
# Visual Studio Version 17
VisualStudioVersion = 17.9.34616.47
MinimumVisualStudioVersion = 10.0.40219.1
Project("{FAE04EC0-301F-11D3-BF4B-00C04F79EFBC}") = "Sequencial17", "Sequencial17\Sequencial17.csproj", "{51EF2A5C-20ED-44B8-90C7-0CC8784C56A8}"
EndProject
Global
	GlobalSection(SolutionConfigurationPlatforms) = preSolution
		Debug|Any CPU = Debug|Any CPU
		Release|Any CPU = Release|Any CPU
	EndGlobalSection
	GlobalSection(ProjectConfigurationPlatforms) = postSolution
		{51EF2A5C-20ED-44B8-90C7-0CC8784C56A8}.Debug|Any CPU.ActiveCfg = Debug|Any CPU
		{51EF2A5C-20ED-44B8-90C7-0CC8784C56A8}.Debug|Any CPU.Build.0 = Debug|Any CPU
		{51EF2A5C-20ED-44B8-90C7-0CC8784C56A8}.Release|Any CPU.ActiveCfg = Release|Any CPU
		{51EF2A5C-20ED-44B8-90C7-0CC8784C56A8}.Release|Any CPU.Build.0 = Release|Any CPU
	EndGlobalSection
	GlobalSection(SolutionProperties) = preSolution
		HideSolutionNode = FALSE
	EndGlobalSection
	GlobalSection(ExtensibilityGlobals) = postSolution
		SolutionGuid = {FD457BE8-9A7F-4658-9D9C-140EDA322A0B}
	EndGlobalSection
EndGlobal
