
Microsoft Visual Studio Solution File, Format Version 12.00
# Visual Studio Version 17
VisualStudioVersion = 17.9.34616.47
MinimumVisualStudioVersion = 10.0.40219.1
Project("{FAE04EC0-301F-11D3-BF4B-00C04F79EFBC}") = "Sequencial10", "Sequencial10\Sequencial10.csproj", "{F0F5E73B-2EC7-437C-9303-EDA944787E7D}"
EndProject
Global
	GlobalSection(SolutionConfigurationPlatforms) = preSolution
		Debug|Any CPU = Debug|Any CPU
		Release|Any CPU = Release|Any CPU
	EndGlobalSection
	GlobalSection(ProjectConfigurationPlatforms) = postSolution
		{F0F5E73B-2EC7-437C-9303-EDA944787E7D}.Debug|Any CPU.ActiveCfg = Debug|Any CPU
		{F0F5E73B-2EC7-437C-9303-EDA944787E7D}.Debug|Any CPU.Build.0 = Debug|Any CPU
		{F0F5E73B-2EC7-437C-9303-EDA944787E7D}.Release|Any CPU.ActiveCfg = Release|Any CPU
		{F0F5E73B-2EC7-437C-9303-EDA944787E7D}.Release|Any CPU.Build.0 = Release|Any CPU
	EndGlobalSection
	GlobalSection(SolutionProperties) = preSolution
		HideSolutionNode = FALSE
	EndGlobalSection
	GlobalSection(ExtensibilityGlobals) = postSolution
		SolutionGuid = {1D7536B4-A7E2-4D4F-8D48-674E2DB88D82}
	EndGlobalSection
EndGlobal
