
Microsoft Visual Studio Solution File, Format Version 12.00
# Visual Studio Version 17
VisualStudioVersion = 17.9.34616.47
MinimumVisualStudioVersion = 10.0.40219.1
Project("{FAE04EC0-301F-11D3-BF4B-00C04F79EFBC}") = "Idade", "Idade\Idade.csproj", "{C6BA7B60-F5EE-4044-844D-885D26C8C608}"
EndProject
Global
	GlobalSection(SolutionConfigurationPlatforms) = preSolution
		Debug|Any CPU = Debug|Any CPU
		Release|Any CPU = Release|Any CPU
	EndGlobalSection
	GlobalSection(ProjectConfigurationPlatforms) = postSolution
		{C6BA7B60-F5EE-4044-844D-885D26C8C608}.Debug|Any CPU.ActiveCfg = Debug|Any CPU
		{C6BA7B60-F5EE-4044-844D-885D26C8C608}.Debug|Any CPU.Build.0 = Debug|Any CPU
		{C6BA7B60-F5EE-4044-844D-885D26C8C608}.Release|Any CPU.ActiveCfg = Release|Any CPU
		{C6BA7B60-F5EE-4044-844D-885D26C8C608}.Release|Any CPU.Build.0 = Release|Any CPU
	EndGlobalSection
	GlobalSection(SolutionProperties) = preSolution
		HideSolutionNode = FALSE
	EndGlobalSection
	GlobalSection(ExtensibilityGlobals) = postSolution
		SolutionGuid = {587AB54B-A94D-43B5-ADB2-2A775D2A0925}
	EndGlobalSection
EndGlobal
