
Microsoft Visual Studio Solution File, Format Version 12.00
# Visual Studio Version 17
VisualStudioVersion = 17.9.34616.47
MinimumVisualStudioVersion = 10.0.40219.1
Project("{FAE04EC0-301F-11D3-BF4B-00C04F79EFBC}") = "Sequencial25", "Sequencial25\Sequencial25.csproj", "{6CF2F0C7-8835-4C55-9577-7F7F0610A501}"
EndProject
Global
	GlobalSection(SolutionConfigurationPlatforms) = preSolution
		Debug|Any CPU = Debug|Any CPU
		Release|Any CPU = Release|Any CPU
	EndGlobalSection
	GlobalSection(ProjectConfigurationPlatforms) = postSolution
		{6CF2F0C7-8835-4C55-9577-7F7F0610A501}.Debug|Any CPU.ActiveCfg = Debug|Any CPU
		{6CF2F0C7-8835-4C55-9577-7F7F0610A501}.Debug|Any CPU.Build.0 = Debug|Any CPU
		{6CF2F0C7-8835-4C55-9577-7F7F0610A501}.Release|Any CPU.ActiveCfg = Release|Any CPU
		{6CF2F0C7-8835-4C55-9577-7F7F0610A501}.Release|Any CPU.Build.0 = Release|Any CPU
	EndGlobalSection
	GlobalSection(SolutionProperties) = preSolution
		HideSolutionNode = FALSE
	EndGlobalSection
	GlobalSection(ExtensibilityGlobals) = postSolution
		SolutionGuid = {02BBC425-44BA-4B46-AFB0-85FE2FF5544B}
	EndGlobalSection
EndGlobal
