
Microsoft Visual Studio Solution File, Format Version 12.00
# Visual Studio Version 17
VisualStudioVersion = 17.9.34616.47
MinimumVisualStudioVersion = 10.0.40219.1
Project("{FAE04EC0-301F-11D3-BF4B-00C04F79EFBC}") = "Sequencial04", "Sequencial04\Sequencial04.csproj", "{169AF880-CCE3-48DA-A3AA-7C4389798ED2}"
EndProject
Global
	GlobalSection(SolutionConfigurationPlatforms) = preSolution
		Debug|Any CPU = Debug|Any CPU
		Release|Any CPU = Release|Any CPU
	EndGlobalSection
	GlobalSection(ProjectConfigurationPlatforms) = postSolution
		{169AF880-CCE3-48DA-A3AA-7C4389798ED2}.Debug|Any CPU.ActiveCfg = Debug|Any CPU
		{169AF880-CCE3-48DA-A3AA-7C4389798ED2}.Debug|Any CPU.Build.0 = Debug|Any CPU
		{169AF880-CCE3-48DA-A3AA-7C4389798ED2}.Release|Any CPU.ActiveCfg = Release|Any CPU
		{169AF880-CCE3-48DA-A3AA-7C4389798ED2}.Release|Any CPU.Build.0 = Release|Any CPU
	EndGlobalSection
	GlobalSection(SolutionProperties) = preSolution
		HideSolutionNode = FALSE
	EndGlobalSection
	GlobalSection(ExtensibilityGlobals) = postSolution
		SolutionGuid = {E5F316D6-7941-4F43-829C-C5C782B93459}
	EndGlobalSection
EndGlobal
