
Microsoft Visual Studio Solution File, Format Version 12.00
# Visual Studio Version 17
VisualStudioVersion = 17.9.34616.47
MinimumVisualStudioVersion = 10.0.40219.1
Project("{FAE04EC0-301F-11D3-BF4B-00C04F79EFBC}") = "Sequencial12", "Sequencial12\Sequencial12.csproj", "{969126A6-3720-47EC-9266-3C1034C59D86}"
EndProject
Global
	GlobalSection(SolutionConfigurationPlatforms) = preSolution
		Debug|Any CPU = Debug|Any CPU
		Release|Any CPU = Release|Any CPU
	EndGlobalSection
	GlobalSection(ProjectConfigurationPlatforms) = postSolution
		{969126A6-3720-47EC-9266-3C1034C59D86}.Debug|Any CPU.ActiveCfg = Debug|Any CPU
		{969126A6-3720-47EC-9266-3C1034C59D86}.Debug|Any CPU.Build.0 = Debug|Any CPU
		{969126A6-3720-47EC-9266-3C1034C59D86}.Release|Any CPU.ActiveCfg = Release|Any CPU
		{969126A6-3720-47EC-9266-3C1034C59D86}.Release|Any CPU.Build.0 = Release|Any CPU
	EndGlobalSection
	GlobalSection(SolutionProperties) = preSolution
		HideSolutionNode = FALSE
	EndGlobalSection
	GlobalSection(ExtensibilityGlobals) = postSolution
		SolutionGuid = {F074DF81-6041-43FF-B6E6-475EC3E405D1}
	EndGlobalSection
EndGlobal
