
Microsoft Visual Studio Solution File, Format Version 12.00
# Visual Studio Version 17
VisualStudioVersion = 17.9.34616.47
MinimumVisualStudioVersion = 10.0.40219.1
Project("{FAE04EC0-301F-11D3-BF4B-00C04F79EFBC}") = "Sequencial30", "Sequencial30\Sequencial30.csproj", "{6699E721-795C-44FC-BF9C-66BE46ED070C}"
EndProject
Global
	GlobalSection(SolutionConfigurationPlatforms) = preSolution
		Debug|Any CPU = Debug|Any CPU
		Release|Any CPU = Release|Any CPU
	EndGlobalSection
	GlobalSection(ProjectConfigurationPlatforms) = postSolution
		{6699E721-795C-44FC-BF9C-66BE46ED070C}.Debug|Any CPU.ActiveCfg = Debug|Any CPU
		{6699E721-795C-44FC-BF9C-66BE46ED070C}.Debug|Any CPU.Build.0 = Debug|Any CPU
		{6699E721-795C-44FC-BF9C-66BE46ED070C}.Release|Any CPU.ActiveCfg = Release|Any CPU
		{6699E721-795C-44FC-BF9C-66BE46ED070C}.Release|Any CPU.Build.0 = Release|Any CPU
	EndGlobalSection
	GlobalSection(SolutionProperties) = preSolution
		HideSolutionNode = FALSE
	EndGlobalSection
	GlobalSection(ExtensibilityGlobals) = postSolution
		SolutionGuid = {3A6CD0F1-0E41-4FAE-BFDF-4A1BA70CC15C}
	EndGlobalSection
EndGlobal
