
Microsoft Visual Studio Solution File, Format Version 12.00
# Visual Studio Version 17
VisualStudioVersion = 17.9.34616.47
MinimumVisualStudioVersion = 10.0.40219.1
Project("{FAE04EC0-301F-11D3-BF4B-00C04F79EFBC}") = "Media", "Media\Media.csproj", "{5B824123-7E90-4F4F-B229-AF0A10AD2B23}"
EndProject
Global
	GlobalSection(SolutionConfigurationPlatforms) = preSolution
		Debug|Any CPU = Debug|Any CPU
		Release|Any CPU = Release|Any CPU
	EndGlobalSection
	GlobalSection(ProjectConfigurationPlatforms) = postSolution
		{5B824123-7E90-4F4F-B229-AF0A10AD2B23}.Debug|Any CPU.ActiveCfg = Debug|Any CPU
		{5B824123-7E90-4F4F-B229-AF0A10AD2B23}.Debug|Any CPU.Build.0 = Debug|Any CPU
		{5B824123-7E90-4F4F-B229-AF0A10AD2B23}.Release|Any CPU.ActiveCfg = Release|Any CPU
		{5B824123-7E90-4F4F-B229-AF0A10AD2B23}.Release|Any CPU.Build.0 = Release|Any CPU
	EndGlobalSection
	GlobalSection(SolutionProperties) = preSolution
		HideSolutionNode = FALSE
	EndGlobalSection
	GlobalSection(ExtensibilityGlobals) = postSolution
		SolutionGuid = {A5E50254-CFA7-4D70-9F56-FA713BC99DA7}
	EndGlobalSection
EndGlobal
