
Microsoft Visual Studio Solution File, Format Version 12.00
# Visual Studio Version 17
VisualStudioVersion = 17.9.34616.47
MinimumVisualStudioVersion = 10.0.40219.1
Project("{FAE04EC0-301F-11D3-BF4B-00C04F79EFBC}") = "Sequencial18", "Sequencial18\Sequencial18.csproj", "{AFC04DDD-27F9-4271-93CA-435A7D5D1C78}"
EndProject
Global
	GlobalSection(SolutionConfigurationPlatforms) = preSolution
		Debug|Any CPU = Debug|Any CPU
		Release|Any CPU = Release|Any CPU
	EndGlobalSection
	GlobalSection(ProjectConfigurationPlatforms) = postSolution
		{AFC04DDD-27F9-4271-93CA-435A7D5D1C78}.Debug|Any CPU.ActiveCfg = Debug|Any CPU
		{AFC04DDD-27F9-4271-93CA-435A7D5D1C78}.Debug|Any CPU.Build.0 = Debug|Any CPU
		{AFC04DDD-27F9-4271-93CA-435A7D5D1C78}.Release|Any CPU.ActiveCfg = Release|Any CPU
		{AFC04DDD-27F9-4271-93CA-435A7D5D1C78}.Release|Any CPU.Build.0 = Release|Any CPU
	EndGlobalSection
	GlobalSection(SolutionProperties) = preSolution
		HideSolutionNode = FALSE
	EndGlobalSection
	GlobalSection(ExtensibilityGlobals) = postSolution
		SolutionGuid = {084E2EC2-9C34-46B3-9364-82C14E4C6332}
	EndGlobalSection
EndGlobal
