
Microsoft Visual Studio Solution File, Format Version 12.00
# Visual Studio Version 17
VisualStudioVersion = 17.9.34616.47
MinimumVisualStudioVersion = 10.0.40219.1
Project("{FAE04EC0-301F-11D3-BF4B-00C04F79EFBC}") = "Sequencial16", "Sequencial16\Sequencial16.csproj", "{0D6854B8-4263-4E25-9890-0C49FE9EBDA3}"
EndProject
Global
	GlobalSection(SolutionConfigurationPlatforms) = preSolution
		Debug|Any CPU = Debug|Any CPU
		Release|Any CPU = Release|Any CPU
	EndGlobalSection
	GlobalSection(ProjectConfigurationPlatforms) = postSolution
		{0D6854B8-4263-4E25-9890-0C49FE9EBDA3}.Debug|Any CPU.ActiveCfg = Debug|Any CPU
		{0D6854B8-4263-4E25-9890-0C49FE9EBDA3}.Debug|Any CPU.Build.0 = Debug|Any CPU
		{0D6854B8-4263-4E25-9890-0C49FE9EBDA3}.Release|Any CPU.ActiveCfg = Release|Any CPU
		{0D6854B8-4263-4E25-9890-0C49FE9EBDA3}.Release|Any CPU.Build.0 = Release|Any CPU
	EndGlobalSection
	GlobalSection(SolutionProperties) = preSolution
		HideSolutionNode = FALSE
	EndGlobalSection
	GlobalSection(ExtensibilityGlobals) = postSolution
		SolutionGuid = {26CA39D1-1E06-42D7-A791-F3548CBC9D6C}
	EndGlobalSection
EndGlobal
